
Microsoft Visual Studio Solution File, Format Version 12.00
# Visual Studio Version 16
VisualStudioVersion = 16.0.31103.268
MinimumVisualStudioVersion = 10.0.40219.1
Project("{9A19103F-16F7-4668-BE54-9A1E7A4F7556}") = "DinoCat.Base", "src\DinoCat.Base\DinoCat.Base.csproj", "{368297D2-5F79-4F21-9B28-9DDB2B31C529}"
EndProject
Project("{9A19103F-16F7-4668-BE54-9A1E7A4F7556}") = "DinoCat.Wpf", "src\DinoCat.Wpf\DinoCat.Wpf.csproj", "{8B153BEE-2502-4A94-8CD9-64875A1D9226}"
EndProject
Project("{2150E333-8FDC-42A3-9474-1A3956D46DE8}") = "examples", "examples", "{8B0EB4EA-E149-4A09-9B7B-2F8D311E36BB}"
EndProject
Project("{9A19103F-16F7-4668-BE54-9A1E7A4F7556}") = "StateManagement", "examples\HelloWorld.Wpf\StateManagement.csproj", "{431B6453-DE12-4506-A40A-4B601CB8811A}"
EndProject
Project("{9A19103F-16F7-4668-BE54-9A1E7A4F7556}") = "DinoCat.Wpf.Generator", "src\DinoCat.Wpf.Generator\DinoCat.Wpf.Generator.csproj", "{B9689529-AF37-4D6A-9254-6331F5BABE46}"
EndProject
Project("{9A19103F-16F7-4668-BE54-9A1E7A4F7556}") = "Interop.Wpf", "examples\Interop.Wpf\Interop.Wpf.csproj", "{0F3FBDF1-E186-4673-9247-2859709FA3D1}"
EndProject
Project("{9A19103F-16F7-4668-BE54-9A1E7A4F7556}") = "DinoCat", "src\DinoCat\DinoCat.csproj", "{9C0FC1CF-02B9-422D-BD56-300277B0A1D9}"
EndProject
Project("{9A19103F-16F7-4668-BE54-9A1E7A4F7556}") = "HelloWorld", "examples\HelloWorld\HelloWorld.csproj", "{F673A21E-E6CC-470A-86A4-CC15B44E4BCF}"
EndProject
Project("{9A19103F-16F7-4668-BE54-9A1E7A4F7556}") = "DinoCat.Android", "src\DinoCat.Android\DinoCat.Android.csproj", "{CFECFC82-31C7-4FA5-9BBB-B09EFF5823AE}"
EndProject
Project("{9A19103F-16F7-4668-BE54-9A1E7A4F7556}") = "Interop.Android", "examples\Interop.Android\Interop.Android.csproj", "{F90D0CE1-A421-4331-8D9D-31865E5169BA}"
EndProject
Global
	GlobalSection(SolutionConfigurationPlatforms) = preSolution
		Debug|Any CPU = Debug|Any CPU
		Release|Any CPU = Release|Any CPU
	EndGlobalSection
	GlobalSection(ProjectConfigurationPlatforms) = postSolution
		{368297D2-5F79-4F21-9B28-9DDB2B31C529}.Debug|Any CPU.ActiveCfg = Debug|Any CPU
		{368297D2-5F79-4F21-9B28-9DDB2B31C529}.Debug|Any CPU.Build.0 = Debug|Any CPU
		{368297D2-5F79-4F21-9B28-9DDB2B31C529}.Release|Any CPU.ActiveCfg = Release|Any CPU
		{368297D2-5F79-4F21-9B28-9DDB2B31C529}.Release|Any CPU.Build.0 = Release|Any CPU
		{8B153BEE-2502-4A94-8CD9-64875A1D9226}.Debug|Any CPU.ActiveCfg = Debug|Any CPU
		{8B153BEE-2502-4A94-8CD9-64875A1D9226}.Debug|Any CPU.Build.0 = Debug|Any CPU
		{8B153BEE-2502-4A94-8CD9-64875A1D9226}.Release|Any CPU.ActiveCfg = Release|Any CPU
		{8B153BEE-2502-4A94-8CD9-64875A1D9226}.Release|Any CPU.Build.0 = Release|Any CPU
		{431B6453-DE12-4506-A40A-4B601CB8811A}.Debug|Any CPU.ActiveCfg = Debug|Any CPU
		{431B6453-DE12-4506-A40A-4B601CB8811A}.Debug|Any CPU.Build.0 = Debug|Any CPU
		{431B6453-DE12-4506-A40A-4B601CB8811A}.Release|Any CPU.ActiveCfg = Release|Any CPU
		{431B6453-DE12-4506-A40A-4B601CB8811A}.Release|Any CPU.Build.0 = Release|Any CPU
		{B9689529-AF37-4D6A-9254-6331F5BABE46}.Debug|Any CPU.ActiveCfg = Debug|Any CPU
		{B9689529-AF37-4D6A-9254-6331F5BABE46}.Debug|Any CPU.Build.0 = Debug|Any CPU
		{B9689529-AF37-4D6A-9254-6331F5BABE46}.Release|Any CPU.ActiveCfg = Release|Any CPU
		{B9689529-AF37-4D6A-9254-6331F5BABE46}.Release|Any CPU.Build.0 = Release|Any CPU
		{0F3FBDF1-E186-4673-9247-2859709FA3D1}.Debug|Any CPU.ActiveCfg = Debug|Any CPU
		{0F3FBDF1-E186-4673-9247-2859709FA3D1}.Debug|Any CPU.Build.0 = Debug|Any CPU
		{0F3FBDF1-E186-4673-9247-2859709FA3D1}.Release|Any CPU.ActiveCfg = Release|Any CPU
		{0F3FBDF1-E186-4673-9247-2859709FA3D1}.Release|Any CPU.Build.0 = Release|Any CPU
		{9C0FC1CF-02B9-422D-BD56-300277B0A1D9}.Debug|Any CPU.ActiveCfg = Debug|Any CPU
		{9C0FC1CF-02B9-422D-BD56-300277B0A1D9}.Debug|Any CPU.Build.0 = Debug|Any CPU
		{9C0FC1CF-02B9-422D-BD56-300277B0A1D9}.Release|Any CPU.ActiveCfg = Release|Any CPU
		{9C0FC1CF-02B9-422D-BD56-300277B0A1D9}.Release|Any CPU.Build.0 = Release|Any CPU
		{F673A21E-E6CC-470A-86A4-CC15B44E4BCF}.Debug|Any CPU.ActiveCfg = Debug|Any CPU
		{F673A21E-E6CC-470A-86A4-CC15B44E4BCF}.Debug|Any CPU.Build.0 = Debug|Any CPU
		{F673A21E-E6CC-470A-86A4-CC15B44E4BCF}.Release|Any CPU.ActiveCfg = Release|Any CPU
		{F673A21E-E6CC-470A-86A4-CC15B44E4BCF}.Release|Any CPU.Build.0 = Release|Any CPU
		{CFECFC82-31C7-4FA5-9BBB-B09EFF5823AE}.Debug|Any CPU.ActiveCfg = Debug|Any CPU
		{CFECFC82-31C7-4FA5-9BBB-B09EFF5823AE}.Debug|Any CPU.Build.0 = Debug|Any CPU
		{CFECFC82-31C7-4FA5-9BBB-B09EFF5823AE}.Release|Any CPU.ActiveCfg = Release|Any CPU
		{CFECFC82-31C7-4FA5-9BBB-B09EFF5823AE}.Release|Any CPU.Build.0 = Release|Any CPU
		{F90D0CE1-A421-4331-8D9D-31865E5169BA}.Debug|Any CPU.ActiveCfg = Debug|Any CPU
		{F90D0CE1-A421-4331-8D9D-31865E5169BA}.Debug|Any CPU.Build.0 = Debug|Any CPU
		{F90D0CE1-A421-4331-8D9D-31865E5169BA}.Debug|Any CPU.Deploy.0 = Debug|Any CPU
		{F90D0CE1-A421-4331-8D9D-31865E5169BA}.Release|Any CPU.ActiveCfg = Release|Any CPU
		{F90D0CE1-A421-4331-8D9D-31865E5169BA}.Release|Any CPU.Build.0 = Release|Any CPU
		{F90D0CE1-A421-4331-8D9D-31865E5169BA}.Release|Any CPU.Deploy.0 = Release|Any CPU
	EndGlobalSection
	GlobalSection(SolutionProperties) = preSolution
		HideSolutionNode = FALSE
	EndGlobalSection
	GlobalSection(NestedProjects) = preSolution
		{431B6453-DE12-4506-A40A-4B601CB8811A} = {8B0EB4EA-E149-4A09-9B7B-2F8D311E36BB}
		{0F3FBDF1-E186-4673-9247-2859709FA3D1} = {8B0EB4EA-E149-4A09-9B7B-2F8D311E36BB}
		{F673A21E-E6CC-470A-86A4-CC15B44E4BCF} = {8B0EB4EA-E149-4A09-9B7B-2F8D311E36BB}
		{F90D0CE1-A421-4331-8D9D-31865E5169BA} = {8B0EB4EA-E149-4A09-9B7B-2F8D311E36BB}
	EndGlobalSection
	GlobalSection(ExtensibilityGlobals) = postSolution
		SolutionGuid = {4F8E430A-A64E-4A01-82C6-47AC50663B54}
	EndGlobalSection
EndGlobal
